
Microsoft Visual Studio Solution File, Format Version 12.00
# Visual Studio 14
VisualStudioVersion = 14.0.25420.1
MinimumVisualStudioVersion = 10.0.40219.1
Project("{FAE04EC0-301F-11D3-BF4B-00C04F79EFBC}") = "LogInNOutNav.Droid", "LogInNOutNav\LogInNOutNav.Droid\LogInNOutNav.Droid.csproj", "{730F7B4D-D421-40C2-B72B-FBF6ACB10EA8}"
EndProject
Project("{FAE04EC0-301F-11D3-BF4B-00C04F79EFBC}") = "LogInNOutNav.iOS", "LogInNOutNav\LogInNOutNav.iOS\LogInNOutNav.iOS.csproj", "{E73C0A31-198A-4441-8463-27121CA49D8F}"
EndProject
Project("{FAE04EC0-301F-11D3-BF4B-00C04F79EFBC}") = "LogInNOutNav.UWP", "LogInNOutNav\LogInNOutNav.UWP\LogInNOutNav.UWP.csproj", "{61317CCF-072E-4B04-B0F3-7363CCC642C8}"
EndProject
Project("{FAE04EC0-301F-11D3-BF4B-00C04F79EFBC}") = "LogInNOutNav", "LogInNOutNav\LogInNOutNav\LogInNOutNav.csproj", "{0BA0E9A2-8515-473A-9F2D-30D53FCE8135}"
EndProject
Global
	GlobalSection(SolutionConfigurationPlatforms) = preSolution
		Ad-Hoc|Any CPU = Ad-Hoc|Any CPU
		Ad-Hoc|ARM = Ad-Hoc|ARM
		Ad-Hoc|iPhone = Ad-Hoc|iPhone
		Ad-Hoc|iPhoneSimulator = Ad-Hoc|iPhoneSimulator
		Ad-Hoc|x64 = Ad-Hoc|x64
		Ad-Hoc|x86 = Ad-Hoc|x86
		AppStore|Any CPU = AppStore|Any CPU
		AppStore|ARM = AppStore|ARM
		AppStore|iPhone = AppStore|iPhone
		AppStore|iPhoneSimulator = AppStore|iPhoneSimulator
		AppStore|x64 = AppStore|x64
		AppStore|x86 = AppStore|x86
		Debug|Any CPU = Debug|Any CPU
		Debug|ARM = Debug|ARM
		Debug|iPhone = Debug|iPhone
		Debug|iPhoneSimulator = Debug|iPhoneSimulator
		Debug|x64 = Debug|x64
		Debug|x86 = Debug|x86
		Release|Any CPU = Release|Any CPU
		Release|ARM = Release|ARM
		Release|iPhone = Release|iPhone
		Release|iPhoneSimulator = Release|iPhoneSimulator
		Release|x64 = Release|x64
		Release|x86 = Release|x86
	EndGlobalSection
	GlobalSection(ProjectConfigurationPlatforms) = postSolution
		{730F7B4D-D421-40C2-B72B-FBF6ACB10EA8}.Ad-Hoc|Any CPU.ActiveCfg = Release|Any CPU
		{730F7B4D-D421-40C2-B72B-FBF6ACB10EA8}.Ad-Hoc|Any CPU.Build.0 = Release|Any CPU
		{730F7B4D-D421-40C2-B72B-FBF6ACB10EA8}.Ad-Hoc|Any CPU.Deploy.0 = Release|Any CPU
		{730F7B4D-D421-40C2-B72B-FBF6ACB10EA8}.Ad-Hoc|ARM.ActiveCfg = Release|Any CPU
		{730F7B4D-D421-40C2-B72B-FBF6ACB10EA8}.Ad-Hoc|ARM.Build.0 = Release|Any CPU
		{730F7B4D-D421-40C2-B72B-FBF6ACB10EA8}.Ad-Hoc|ARM.Deploy.0 = Release|Any CPU
		{730F7B4D-D421-40C2-B72B-FBF6ACB10EA8}.Ad-Hoc|iPhone.ActiveCfg = Release|Any CPU
		{730F7B4D-D421-40C2-B72B-FBF6ACB10EA8}.Ad-Hoc|iPhone.Build.0 = Release|Any CPU
		{730F7B4D-D421-40C2-B72B-FBF6ACB10EA8}.Ad-Hoc|iPhone.Deploy.0 = Release|Any CPU
		{730F7B4D-D421-40C2-B72B-FBF6ACB10EA8}.Ad-Hoc|iPhoneSimulator.ActiveCfg = Release|Any CPU
		{730F7B4D-D421-40C2-B72B-FBF6ACB10EA8}.Ad-Hoc|iPhoneSimulator.Build.0 = Release|Any CPU
		{730F7B4D-D421-40C2-B72B-FBF6ACB10EA8}.Ad-Hoc|iPhoneSimulator.Deploy.0 = Release|Any CPU
		{730F7B4D-D421-40C2-B72B-FBF6ACB10EA8}.Ad-Hoc|x64.ActiveCfg = Release|Any CPU
		{730F7B4D-D421-40C2-B72B-FBF6ACB10EA8}.Ad-Hoc|x64.Build.0 = Release|Any CPU
		{730F7B4D-D421-40C2-B72B-FBF6ACB10EA8}.Ad-Hoc|x64.Deploy.0 = Release|Any CPU
		{730F7B4D-D421-40C2-B72B-FBF6ACB10EA8}.Ad-Hoc|x86.ActiveCfg = Release|Any CPU
		{730F7B4D-D421-40C2-B72B-FBF6ACB10EA8}.Ad-Hoc|x86.Build.0 = Release|Any CPU
		{730F7B4D-D421-40C2-B72B-FBF6ACB10EA8}.Ad-Hoc|x86.Deploy.0 = Release|Any CPU
		{730F7B4D-D421-40C2-B72B-FBF6ACB10EA8}.AppStore|Any CPU.ActiveCfg = Release|Any CPU
		{730F7B4D-D421-40C2-B72B-FBF6ACB10EA8}.AppStore|Any CPU.Build.0 = Release|Any CPU
		{730F7B4D-D421-40C2-B72B-FBF6ACB10EA8}.AppStore|Any CPU.Deploy.0 = Release|Any CPU
		{730F7B4D-D421-40C2-B72B-FBF6ACB10EA8}.AppStore|ARM.ActiveCfg = Release|Any CPU
		{730F7B4D-D421-40C2-B72B-FBF6ACB10EA8}.AppStore|ARM.Build.0 = Release|Any CPU
		{730F7B4D-D421-40C2-B72B-FBF6ACB10EA8}.AppStore|ARM.Deploy.0 = Release|Any CPU
		{730F7B4D-D421-40C2-B72B-FBF6ACB10EA8}.AppStore|iPhone.ActiveCfg = Release|Any CPU
		{730F7B4D-D421-40C2-B72B-FBF6ACB10EA8}.AppStore|iPhone.Build.0 = Release|Any CPU
		{730F7B4D-D421-40C2-B72B-FBF6ACB10EA8}.AppStore|iPhone.Deploy.0 = Release|Any CPU
		{730F7B4D-D421-40C2-B72B-FBF6ACB10EA8}.AppStore|iPhoneSimulator.ActiveCfg = Release|Any CPU
		{730F7B4D-D421-40C2-B72B-FBF6ACB10EA8}.AppStore|iPhoneSimulator.Build.0 = Release|Any CPU
		{730F7B4D-D421-40C2-B72B-FBF6ACB10EA8}.AppStore|iPhoneSimulator.Deploy.0 = Release|Any CPU
		{730F7B4D-D421-40C2-B72B-FBF6ACB10EA8}.AppStore|x64.ActiveCfg = Release|Any CPU
		{730F7B4D-D421-40C2-B72B-FBF6ACB10EA8}.AppStore|x64.Build.0 = Release|Any CPU
		{730F7B4D-D421-40C2-B72B-FBF6ACB10EA8}.AppStore|x64.Deploy.0 = Release|Any CPU
		{730F7B4D-D421-40C2-B72B-FBF6ACB10EA8}.AppStore|x86.ActiveCfg = Release|Any CPU
		{730F7B4D-D421-40C2-B72B-FBF6ACB10EA8}.AppStore|x86.Build.0 = Release|Any CPU
		{730F7B4D-D421-40C2-B72B-FBF6ACB10EA8}.AppStore|x86.Deploy.0 = Release|Any CPU
		{730F7B4D-D421-40C2-B72B-FBF6ACB10EA8}.Debug|Any CPU.ActiveCfg = Debug|Any CPU
		{730F7B4D-D421-40C2-B72B-FBF6ACB10EA8}.Debug|Any CPU.Build.0 = Debug|Any CPU
		{730F7B4D-D421-40C2-B72B-FBF6ACB10EA8}.Debug|Any CPU.Deploy.0 = Debug|Any CPU
		{730F7B4D-D421-40C2-B72B-FBF6ACB10EA8}.Debug|ARM.ActiveCfg = Debug|Any CPU
		{730F7B4D-D421-40C2-B72B-FBF6ACB10EA8}.Debug|ARM.Build.0 = Debug|Any CPU
		{730F7B4D-D421-40C2-B72B-FBF6ACB10EA8}.Debug|ARM.Deploy.0 = Debug|Any CPU
		{730F7B4D-D421-40C2-B72B-FBF6ACB10EA8}.Debug|iPhone.ActiveCfg = Debug|Any CPU
		{730F7B4D-D421-40C2-B72B-FBF6ACB10EA8}.Debug|iPhone.Build.0 = Debug|Any CPU
		{730F7B4D-D421-40C2-B72B-FBF6ACB10EA8}.Debug|iPhone.Deploy.0 = Debug|Any CPU
		{730F7B4D-D421-40C2-B72B-FBF6ACB10EA8}.Debug|iPhoneSimulator.ActiveCfg = Debug|Any CPU
		{730F7B4D-D421-40C2-B72B-FBF6ACB10EA8}.Debug|iPhoneSimulator.Build.0 = Debug|Any CPU
		{730F7B4D-D421-40C2-B72B-FBF6ACB10EA8}.Debug|iPhoneSimulator.Deploy.0 = Debug|Any CPU
		{730F7B4D-D421-40C2-B72B-FBF6ACB10EA8}.Debug|x64.ActiveCfg = Debug|Any CPU
		{730F7B4D-D421-40C2-B72B-FBF6ACB10EA8}.Debug|x64.Build.0 = Debug|Any CPU
		{730F7B4D-D421-40C2-B72B-FBF6ACB10EA8}.Debug|x64.Deploy.0 = Debug|Any CPU
		{730F7B4D-D421-40C2-B72B-FBF6ACB10EA8}.Debug|x86.ActiveCfg = Debug|Any CPU
		{730F7B4D-D421-40C2-B72B-FBF6ACB10EA8}.Debug|x86.Build.0 = Debug|Any CPU
		{730F7B4D-D421-40C2-B72B-FBF6ACB10EA8}.Debug|x86.Deploy.0 = Debug|Any CPU
		{730F7B4D-D421-40C2-B72B-FBF6ACB10EA8}.Release|Any CPU.ActiveCfg = Release|Any CPU
		{730F7B4D-D421-40C2-B72B-FBF6ACB10EA8}.Release|Any CPU.Build.0 = Release|Any CPU
		{730F7B4D-D421-40C2-B72B-FBF6ACB10EA8}.Release|Any CPU.Deploy.0 = Release|Any CPU
		{730F7B4D-D421-40C2-B72B-FBF6ACB10EA8}.Release|ARM.ActiveCfg = Release|Any CPU
		{730F7B4D-D421-40C2-B72B-FBF6ACB10EA8}.Release|ARM.Build.0 = Release|Any CPU
		{730F7B4D-D421-40C2-B72B-FBF6ACB10EA8}.Release|ARM.Deploy.0 = Release|Any CPU
		{730F7B4D-D421-40C2-B72B-FBF6ACB10EA8}.Release|iPhone.ActiveCfg = Release|Any CPU
		{730F7B4D-D421-40C2-B72B-FBF6ACB10EA8}.Release|iPhone.Build.0 = Release|Any CPU
		{730F7B4D-D421-40C2-B72B-FBF6ACB10EA8}.Release|iPhone.Deploy.0 = Release|Any CPU
		{730F7B4D-D421-40C2-B72B-FBF6ACB10EA8}.Release|iPhoneSimulator.ActiveCfg = Release|Any CPU
		{730F7B4D-D421-40C2-B72B-FBF6ACB10EA8}.Release|iPhoneSimulator.Build.0 = Release|Any CPU
		{730F7B4D-D421-40C2-B72B-FBF6ACB10EA8}.Release|iPhoneSimulator.Deploy.0 = Release|Any CPU
		{730F7B4D-D421-40C2-B72B-FBF6ACB10EA8}.Release|x64.ActiveCfg = Release|Any CPU
		{730F7B4D-D421-40C2-B72B-FBF6ACB10EA8}.Release|x64.Build.0 = Release|Any CPU
		{730F7B4D-D421-40C2-B72B-FBF6ACB10EA8}.Release|x64.Deploy.0 = Release|Any CPU
		{730F7B4D-D421-40C2-B72B-FBF6ACB10EA8}.Release|x86.ActiveCfg = Release|Any CPU
		{730F7B4D-D421-40C2-B72B-FBF6ACB10EA8}.Release|x86.Build.0 = Release|Any CPU
		{730F7B4D-D421-40C2-B72B-FBF6ACB10EA8}.Release|x86.Deploy.0 = Release|Any CPU
		{E73C0A31-198A-4441-8463-27121CA49D8F}.Ad-Hoc|Any CPU.ActiveCfg = Ad-Hoc|iPhone
		{E73C0A31-198A-4441-8463-27121CA49D8F}.Ad-Hoc|ARM.ActiveCfg = Ad-Hoc|iPhone
		{E73C0A31-198A-4441-8463-27121CA49D8F}.Ad-Hoc|iPhone.ActiveCfg = Ad-Hoc|iPhone
		{E73C0A31-198A-4441-8463-27121CA49D8F}.Ad-Hoc|iPhone.Build.0 = Ad-Hoc|iPhone
		{E73C0A31-198A-4441-8463-27121CA49D8F}.Ad-Hoc|iPhoneSimulator.ActiveCfg = Ad-Hoc|iPhoneSimulator
		{E73C0A31-198A-4441-8463-27121CA49D8F}.Ad-Hoc|iPhoneSimulator.Build.0 = Ad-Hoc|iPhoneSimulator
		{E73C0A31-198A-4441-8463-27121CA49D8F}.Ad-Hoc|x64.ActiveCfg = Ad-Hoc|iPhone
		{E73C0A31-198A-4441-8463-27121CA49D8F}.Ad-Hoc|x86.ActiveCfg = Ad-Hoc|iPhone
		{E73C0A31-198A-4441-8463-27121CA49D8F}.AppStore|Any CPU.ActiveCfg = AppStore|iPhone
		{E73C0A31-198A-4441-8463-27121CA49D8F}.AppStore|ARM.ActiveCfg = AppStore|iPhone
		{E73C0A31-198A-4441-8463-27121CA49D8F}.AppStore|iPhone.ActiveCfg = AppStore|iPhone
		{E73C0A31-198A-4441-8463-27121CA49D8F}.AppStore|iPhone.Build.0 = AppStore|iPhone
		{E73C0A31-198A-4441-8463-27121CA49D8F}.AppStore|iPhoneSimulator.ActiveCfg = AppStore|iPhoneSimulator
		{E73C0A31-198A-4441-8463-27121CA49D8F}.AppStore|iPhoneSimulator.Build.0 = AppStore|iPhoneSimulator
		{E73C0A31-198A-4441-8463-27121CA49D8F}.AppStore|x64.ActiveCfg = AppStore|iPhone
		{E73C0A31-198A-4441-8463-27121CA49D8F}.AppStore|x86.ActiveCfg = AppStore|iPhone
		{E73C0A31-198A-4441-8463-27121CA49D8F}.Debug|Any CPU.ActiveCfg = Debug|iPhone
		{E73C0A31-198A-4441-8463-27121CA49D8F}.Debug|ARM.ActiveCfg = Debug|iPhone
		{E73C0A31-198A-4441-8463-27121CA49D8F}.Debug|iPhone.ActiveCfg = Debug|iPhone
		{E73C0A31-198A-4441-8463-27121CA49D8F}.Debug|iPhone.Build.0 = Debug|iPhone
		{E73C0A31-198A-4441-8463-27121CA49D8F}.Debug|iPhoneSimulator.ActiveCfg = Debug|iPhoneSimulator
		{E73C0A31-198A-4441-8463-27121CA49D8F}.Debug|iPhoneSimulator.Build.0 = Debug|iPhoneSimulator
		{E73C0A31-198A-4441-8463-27121CA49D8F}.Debug|x64.ActiveCfg = Debug|iPhone
		{E73C0A31-198A-4441-8463-27121CA49D8F}.Debug|x86.ActiveCfg = Debug|iPhone
		{E73C0A31-198A-4441-8463-27121CA49D8F}.Release|Any CPU.ActiveCfg = Release|iPhone
		{E73C0A31-198A-4441-8463-27121CA49D8F}.Release|ARM.ActiveCfg = Release|iPhone
		{E73C0A31-198A-4441-8463-27121CA49D8F}.Release|iPhone.ActiveCfg = Release|iPhone
		{E73C0A31-198A-4441-8463-27121CA49D8F}.Release|iPhone.Build.0 = Release|iPhone
		{E73C0A31-198A-4441-8463-27121CA49D8F}.Release|iPhoneSimulator.ActiveCfg = Release|iPhoneSimulator
		{E73C0A31-198A-4441-8463-27121CA49D8F}.Release|iPhoneSimulator.Build.0 = Release|iPhoneSimulator
		{E73C0A31-198A-4441-8463-27121CA49D8F}.Release|x64.ActiveCfg = Release|iPhone
		{E73C0A31-198A-4441-8463-27121CA49D8F}.Release|x86.ActiveCfg = Release|iPhone
		{61317CCF-072E-4B04-B0F3-7363CCC642C8}.Ad-Hoc|Any CPU.ActiveCfg = Release|x86
		{61317CCF-072E-4B04-B0F3-7363CCC642C8}.Ad-Hoc|Any CPU.Build.0 = Release|x86
		{61317CCF-072E-4B04-B0F3-7363CCC642C8}.Ad-Hoc|Any CPU.Deploy.0 = Release|x86
		{61317CCF-072E-4B04-B0F3-7363CCC642C8}.Ad-Hoc|ARM.ActiveCfg = Release|ARM
		{61317CCF-072E-4B04-B0F3-7363CCC642C8}.Ad-Hoc|ARM.Build.0 = Release|ARM
		{61317CCF-072E-4B04-B0F3-7363CCC642C8}.Ad-Hoc|ARM.Deploy.0 = Release|ARM
		{61317CCF-072E-4B04-B0F3-7363CCC642C8}.Ad-Hoc|iPhone.ActiveCfg = Release|x86
		{61317CCF-072E-4B04-B0F3-7363CCC642C8}.Ad-Hoc|iPhone.Build.0 = Release|x86
		{61317CCF-072E-4B04-B0F3-7363CCC642C8}.Ad-Hoc|iPhone.Deploy.0 = Release|x86
		{61317CCF-072E-4B04-B0F3-7363CCC642C8}.Ad-Hoc|iPhoneSimulator.ActiveCfg = Release|x86
		{61317CCF-072E-4B04-B0F3-7363CCC642C8}.Ad-Hoc|iPhoneSimulator.Build.0 = Release|x86
		{61317CCF-072E-4B04-B0F3-7363CCC642C8}.Ad-Hoc|iPhoneSimulator.Deploy.0 = Release|x86
		{61317CCF-072E-4B04-B0F3-7363CCC642C8}.Ad-Hoc|x64.ActiveCfg = Release|x64
		{61317CCF-072E-4B04-B0F3-7363CCC642C8}.Ad-Hoc|x64.Build.0 = Release|x64
		{61317CCF-072E-4B04-B0F3-7363CCC642C8}.Ad-Hoc|x64.Deploy.0 = Release|x64
		{61317CCF-072E-4B04-B0F3-7363CCC642C8}.Ad-Hoc|x86.ActiveCfg = Release|x86
		{61317CCF-072E-4B04-B0F3-7363CCC642C8}.Ad-Hoc|x86.Build.0 = Release|x86
		{61317CCF-072E-4B04-B0F3-7363CCC642C8}.Ad-Hoc|x86.Deploy.0 = Release|x86
		{61317CCF-072E-4B04-B0F3-7363CCC642C8}.AppStore|Any CPU.ActiveCfg = Release|x86
		{61317CCF-072E-4B04-B0F3-7363CCC642C8}.AppStore|Any CPU.Build.0 = Release|x86
		{61317CCF-072E-4B04-B0F3-7363CCC642C8}.AppStore|Any CPU.Deploy.0 = Release|x86
		{61317CCF-072E-4B04-B0F3-7363CCC642C8}.AppStore|ARM.ActiveCfg = Release|ARM
		{61317CCF-072E-4B04-B0F3-7363CCC642C8}.AppStore|ARM.Build.0 = Release|ARM
		{61317CCF-072E-4B04-B0F3-7363CCC642C8}.AppStore|ARM.Deploy.0 = Release|ARM
		{61317CCF-072E-4B04-B0F3-7363CCC642C8}.AppStore|iPhone.ActiveCfg = Release|x86
		{61317CCF-072E-4B04-B0F3-7363CCC642C8}.AppStore|iPhone.Build.0 = Release|x86
		{61317CCF-072E-4B04-B0F3-7363CCC642C8}.AppStore|iPhone.Deploy.0 = Release|x86
		{61317CCF-072E-4B04-B0F3-7363CCC642C8}.AppStore|iPhoneSimulator.ActiveCfg = Release|x86
		{61317CCF-072E-4B04-B0F3-7363CCC642C8}.AppStore|iPhoneSimulator.Build.0 = Release|x86
		{61317CCF-072E-4B04-B0F3-7363CCC642C8}.AppStore|iPhoneSimulator.Deploy.0 = Release|x86
		{61317CCF-072E-4B04-B0F3-7363CCC642C8}.AppStore|x64.ActiveCfg = Release|x64
		{61317CCF-072E-4B04-B0F3-7363CCC642C8}.AppStore|x64.Build.0 = Release|x64
		{61317CCF-072E-4B04-B0F3-7363CCC642C8}.AppStore|x64.Deploy.0 = Release|x64
		{61317CCF-072E-4B04-B0F3-7363CCC642C8}.AppStore|x86.ActiveCfg = Release|x86
		{61317CCF-072E-4B04-B0F3-7363CCC642C8}.AppStore|x86.Build.0 = Release|x86
		{61317CCF-072E-4B04-B0F3-7363CCC642C8}.AppStore|x86.Deploy.0 = Release|x86
		{61317CCF-072E-4B04-B0F3-7363CCC642C8}.Debug|Any CPU.ActiveCfg = Debug|x86
		{61317CCF-072E-4B04-B0F3-7363CCC642C8}.Debug|Any CPU.Deploy.0 = Debug|x86
		{61317CCF-072E-4B04-B0F3-7363CCC642C8}.Debug|ARM.ActiveCfg = Debug|ARM
		{61317CCF-072E-4B04-B0F3-7363CCC642C8}.Debug|ARM.Build.0 = Debug|ARM
		{61317CCF-072E-4B04-B0F3-7363CCC642C8}.Debug|ARM.Deploy.0 = Debug|ARM
		{61317CCF-072E-4B04-B0F3-7363CCC642C8}.Debug|iPhone.ActiveCfg = Debug|x86
		{61317CCF-072E-4B04-B0F3-7363CCC642C8}.Debug|iPhoneSimulator.ActiveCfg = Debug|x86
		{61317CCF-072E-4B04-B0F3-7363CCC642C8}.Debug|x64.ActiveCfg = Debug|x64
		{61317CCF-072E-4B04-B0F3-7363CCC642C8}.Debug|x64.Build.0 = Debug|x64
		{61317CCF-072E-4B04-B0F3-7363CCC642C8}.Debug|x64.Deploy.0 = Debug|x64
		{61317CCF-072E-4B04-B0F3-7363CCC642C8}.Debug|x86.ActiveCfg = Debug|x86
		{61317CCF-072E-4B04-B0F3-7363CCC642C8}.Debug|x86.Build.0 = Debug|x86
		{61317CCF-072E-4B04-B0F3-7363CCC642C8}.Debug|x86.Deploy.0 = Debug|x86
		{61317CCF-072E-4B04-B0F3-7363CCC642C8}.Release|Any CPU.ActiveCfg = Release|x86
		{61317CCF-072E-4B04-B0F3-7363CCC642C8}.Release|ARM.ActiveCfg = Release|ARM
		{61317CCF-072E-4B04-B0F3-7363CCC642C8}.Release|ARM.Build.0 = Release|ARM
		{61317CCF-072E-4B04-B0F3-7363CCC642C8}.Release|ARM.Deploy.0 = Release|ARM
		{61317CCF-072E-4B04-B0F3-7363CCC642C8}.Release|iPhone.ActiveCfg = Release|x86
		{61317CCF-072E-4B04-B0F3-7363CCC642C8}.Release|iPhoneSimulator.ActiveCfg = Release|x86
		{61317CCF-072E-4B04-B0F3-7363CCC642C8}.Release|x64.ActiveCfg = Release|x64
		{61317CCF-072E-4B04-B0F3-7363CCC642C8}.Release|x64.Build.0 = Release|x64
		{61317CCF-072E-4B04-B0F3-7363CCC642C8}.Release|x64.Deploy.0 = Release|x64
		{61317CCF-072E-4B04-B0F3-7363CCC642C8}.Release|x86.ActiveCfg = Release|x86
		{61317CCF-072E-4B04-B0F3-7363CCC642C8}.Release|x86.Build.0 = Release|x86
		{61317CCF-072E-4B04-B0F3-7363CCC642C8}.Release|x86.Deploy.0 = Release|x86
		{0BA0E9A2-8515-473A-9F2D-30D53FCE8135}.Ad-Hoc|Any CPU.ActiveCfg = Release|Any CPU
		{0BA0E9A2-8515-473A-9F2D-30D53FCE8135}.Ad-Hoc|Any CPU.Build.0 = Release|Any CPU
		{0BA0E9A2-8515-473A-9F2D-30D53FCE8135}.Ad-Hoc|ARM.ActiveCfg = Release|Any CPU
		{0BA0E9A2-8515-473A-9F2D-30D53FCE8135}.Ad-Hoc|ARM.Build.0 = Release|Any CPU
		{0BA0E9A2-8515-473A-9F2D-30D53FCE8135}.Ad-Hoc|iPhone.ActiveCfg = Release|Any CPU
		{0BA0E9A2-8515-473A-9F2D-30D53FCE8135}.Ad-Hoc|iPhone.Build.0 = Release|Any CPU
		{0BA0E9A2-8515-473A-9F2D-30D53FCE8135}.Ad-Hoc|iPhoneSimulator.ActiveCfg = Release|Any CPU
		{0BA0E9A2-8515-473A-9F2D-30D53FCE8135}.Ad-Hoc|iPhoneSimulator.Build.0 = Release|Any CPU
		{0BA0E9A2-8515-473A-9F2D-30D53FCE8135}.Ad-Hoc|x64.ActiveCfg = Release|Any CPU
		{0BA0E9A2-8515-473A-9F2D-30D53FCE8135}.Ad-Hoc|x64.Build.0 = Release|Any CPU
		{0BA0E9A2-8515-473A-9F2D-30D53FCE8135}.Ad-Hoc|x86.ActiveCfg = Release|Any CPU
		{0BA0E9A2-8515-473A-9F2D-30D53FCE8135}.Ad-Hoc|x86.Build.0 = Release|Any CPU
		{0BA0E9A2-8515-473A-9F2D-30D53FCE8135}.AppStore|Any CPU.ActiveCfg = Release|Any CPU
		{0BA0E9A2-8515-473A-9F2D-30D53FCE8135}.AppStore|Any CPU.Build.0 = Release|Any CPU
		{0BA0E9A2-8515-473A-9F2D-30D53FCE8135}.AppStore|ARM.ActiveCfg = Release|Any CPU
		{0BA0E9A2-8515-473A-9F2D-30D53FCE8135}.AppStore|ARM.Build.0 = Release|Any CPU
		{0BA0E9A2-8515-473A-9F2D-30D53FCE8135}.AppStore|iPhone.ActiveCfg = Release|Any CPU
		{0BA0E9A2-8515-473A-9F2D-30D53FCE8135}.AppStore|iPhone.Build.0 = Release|Any CPU
		{0BA0E9A2-8515-473A-9F2D-30D53FCE8135}.AppStore|iPhoneSimulator.ActiveCfg = Release|Any CPU
		{0BA0E9A2-8515-473A-9F2D-30D53FCE8135}.AppStore|iPhoneSimulator.Build.0 = Release|Any CPU
		{0BA0E9A2-8515-473A-9F2D-30D53FCE8135}.AppStore|x64.ActiveCfg = Release|Any CPU
		{0BA0E9A2-8515-473A-9F2D-30D53FCE8135}.AppStore|x64.Build.0 = Release|Any CPU
		{0BA0E9A2-8515-473A-9F2D-30D53FCE8135}.AppStore|x86.ActiveCfg = Release|Any CPU
		{0BA0E9A2-8515-473A-9F2D-30D53FCE8135}.AppStore|x86.Build.0 = Release|Any CPU
		{0BA0E9A2-8515-473A-9F2D-30D53FCE8135}.Debug|Any CPU.ActiveCfg = Debug|Any CPU
		{0BA0E9A2-8515-473A-9F2D-30D53FCE8135}.Debug|Any CPU.Build.0 = Debug|Any CPU
		{0BA0E9A2-8515-473A-9F2D-30D53FCE8135}.Debug|ARM.ActiveCfg = Debug|Any CPU
		{0BA0E9A2-8515-473A-9F2D-30D53FCE8135}.Debug|ARM.Build.0 = Debug|Any CPU
		{0BA0E9A2-8515-473A-9F2D-30D53FCE8135}.Debug|iPhone.ActiveCfg = Debug|Any CPU
		{0BA0E9A2-8515-473A-9F2D-30D53FCE8135}.Debug|iPhone.Build.0 = Debug|Any CPU
		{0BA0E9A2-8515-473A-9F2D-30D53FCE8135}.Debug|iPhoneSimulator.ActiveCfg = Debug|Any CPU
		{0BA0E9A2-8515-473A-9F2D-30D53FCE8135}.Debug|iPhoneSimulator.Build.0 = Debug|Any CPU
		{0BA0E9A2-8515-473A-9F2D-30D53FCE8135}.Debug|x64.ActiveCfg = Debug|Any CPU
		{0BA0E9A2-8515-473A-9F2D-30D53FCE8135}.Debug|x64.Build.0 = Debug|Any CPU
		{0BA0E9A2-8515-473A-9F2D-30D53FCE8135}.Debug|x86.ActiveCfg = Debug|Any CPU
		{0BA0E9A2-8515-473A-9F2D-30D53FCE8135}.Debug|x86.Build.0 = Debug|Any CPU
		{0BA0E9A2-8515-473A-9F2D-30D53FCE8135}.Release|Any CPU.ActiveCfg = Release|Any CPU
		{0BA0E9A2-8515-473A-9F2D-30D53FCE8135}.Release|Any CPU.Build.0 = Release|Any CPU
		{0BA0E9A2-8515-473A-9F2D-30D53FCE8135}.Release|ARM.ActiveCfg = Release|Any CPU
		{0BA0E9A2-8515-473A-9F2D-30D53FCE8135}.Release|ARM.Build.0 = Release|Any CPU
		{0BA0E9A2-8515-473A-9F2D-30D53FCE8135}.Release|iPhone.ActiveCfg = Release|Any CPU
		{0BA0E9A2-8515-473A-9F2D-30D53FCE8135}.Release|iPhone.Build.0 = Release|Any CPU
		{0BA0E9A2-8515-473A-9F2D-30D53FCE8135}.Release|iPhoneSimulator.ActiveCfg = Release|Any CPU
		{0BA0E9A2-8515-473A-9F2D-30D53FCE8135}.Release|iPhoneSimulator.Build.0 = Release|Any CPU
		{0BA0E9A2-8515-473A-9F2D-30D53FCE8135}.Release|x64.ActiveCfg = Release|Any CPU
		{0BA0E9A2-8515-473A-9F2D-30D53FCE8135}.Release|x64.Build.0 = Release|Any CPU
		{0BA0E9A2-8515-473A-9F2D-30D53FCE8135}.Release|x86.ActiveCfg = Release|Any CPU
		{0BA0E9A2-8515-473A-9F2D-30D53FCE8135}.Release|x86.Build.0 = Release|Any CPU
	EndGlobalSection
	GlobalSection(SolutionProperties) = preSolution
		HideSolutionNode = FALSE
	EndGlobalSection
EndGlobal
